
Microsoft Visual Studio Solution File, Format Version 12.00
# Visual Studio Version 17
VisualStudioVersion = 17.5.33414.496
MinimumVisualStudioVersion = 10.0.40219.1
Project("{FAE04EC0-301F-11D3-BF4B-00C04F79EFBC}") = "maras_mesaha_pdf_extraction", "maras_mesaha_pdf_extraction\maras_mesaha_pdf_extraction.csproj", "{CEA18A29-9B39-49DB-B372-7AE3D99A8CBA}"
EndProject
Global
	GlobalSection(SolutionConfigurationPlatforms) = preSolution
		Debug|Any CPU = Debug|Any CPU
		Debug|x64 = Debug|x64
		Release|Any CPU = Release|Any CPU
		Release|x64 = Release|x64
	EndGlobalSection
	GlobalSection(ProjectConfigurationPlatforms) = postSolution
		{CEA18A29-9B39-49DB-B372-7AE3D99A8CBA}.Debug|Any CPU.ActiveCfg = Debug|Any CPU
		{CEA18A29-9B39-49DB-B372-7AE3D99A8CBA}.Debug|Any CPU.Build.0 = Debug|Any CPU
		{CEA18A29-9B39-49DB-B372-7AE3D99A8CBA}.Debug|x64.ActiveCfg = Debug|x64
		{CEA18A29-9B39-49DB-B372-7AE3D99A8CBA}.Debug|x64.Build.0 = Debug|x64
		{CEA18A29-9B39-49DB-B372-7AE3D99A8CBA}.Release|Any CPU.ActiveCfg = Release|Any CPU
		{CEA18A29-9B39-49DB-B372-7AE3D99A8CBA}.Release|Any CPU.Build.0 = Release|Any CPU
		{CEA18A29-9B39-49DB-B372-7AE3D99A8CBA}.Release|x64.ActiveCfg = Release|x64
		{CEA18A29-9B39-49DB-B372-7AE3D99A8CBA}.Release|x64.Build.0 = Release|x64
	EndGlobalSection
	GlobalSection(SolutionProperties) = preSolution
		HideSolutionNode = FALSE
	EndGlobalSection
	GlobalSection(ExtensibilityGlobals) = postSolution
		SolutionGuid = {AA7F854A-AD74-41C0-9CB4-2B663A372646}
	EndGlobalSection
EndGlobal
